{
  "name": "@delgadotrueba/react-config",
  "version": "0.0.13",
  "lockfileVersion": 3,
  "requires": true,
  "packages": {
    "": {
      "name": "@delgadotrueba/react-config",
      "version": "0.0.13",
      "license": "MIT",
      "workspaces": [
        "packages/tsconfig",
        "playground/sum"
      ],
      "devDependencies": {
        "typescript": "5.8.3"
      }
    },
    "node_modules/@delgadotrueba/react-config": {
      "version": "0.0.13",
      "resolved": "https://npm.pkg.github.com/download/@delgadotrueba/react-config/0.0.13/b70ed7ea6d9052ffb79c40a90c2f50eaf941a05e",
      "integrity": "sha512-gcEBDDJUVuETnb8HcwkkoGqUya17FW+RqGrRCBDEy3qSpfDa0Q5UMDxRtyc9K8HLVjjgzdgPJ9O0OsuG1muU2A==",
      "dev": true,
      "license": "MIT"
    },
    "node_modules/sum": {
      "resolved": "playground/sum",
      "link": true
    },
    "node_modules/tsconfig": {
      "resolved": "packages/tsconfig",
      "link": true
    },
    "node_modules/typescript": {
      "version": "5.8.3",
      "resolved": "https://registry.npmjs.org/typescript/-/typescript-5.8.3.tgz",
      "integrity": "sha512-p1diW6TqL9L07nNxvRMM7hMMw4c5XOo/1ibL4aAIGmSAt9slTE1Xgw5KWuof2uTOvCg9BY7ZRi+GaF+7sfgPeQ==",
      "dev": true,
      "license": "Apache-2.0",
      "bin": {
        "tsc": "bin/tsc",
        "tsserver": "bin/tsserver"
      },
      "engines": {
        "node": ">=14.17"
      }
    },
    "packages/tsconfig": {
      "version": "0.0.13"
    },
    "playground/sum": {
      "devDependencies": {
        "@delgadotrueba/react-config": "0.0.13"
      }
    }
  }
}
