{
  "name": "@delgadotrueba/react-config",
  "version": "0.0.10",
  "lockfileVersion": 3,
  "requires": true,
  "packages": {
    "": {
      "name": "@delgadotrueba/react-config",
      "version": "0.0.10",
      "license": "MIT",
      "workspaces": [
        "packages/tsconfig",
        "playground/sum"
      ]
    },
    "node_modules/@delgadotrueba/react-config": {
      "version": "0.0.10",
      "resolved": "https://npm.pkg.github.com/download/@delgadotrueba/react-config/0.0.10/98694195bd0827073130520aab6f5ca0873b441e",
      "integrity": "sha512-G2QbnFIObDV1TOpWtBbmDvyveunSoh0+QR3ef9e9H4p/OcqQlTdTLk61LV4uYpKb6gJ+oyf96mWfjCbUKmCfJA==",
      "dev": true,
      "license": "MIT"
    },
    "node_modules/sum": {
      "resolved": "playground/sum",
      "link": true
    },
    "node_modules/tsconfig": {
      "resolved": "packages/tsconfig",
      "link": true
    },
    "node_modules/typescript": {
      "version": "5.8.3",
      "resolved": "https://registry.npmjs.org/typescript/-/typescript-5.8.3.tgz",
      "integrity": "sha512-p1diW6TqL9L07nNxvRMM7hMMw4c5XOo/1ibL4aAIGmSAt9slTE1Xgw5KWuof2uTOvCg9BY7ZRi+GaF+7sfgPeQ==",
      "dev": true,
      "license": "Apache-2.0",
      "bin": {
        "tsc": "bin/tsc",
        "tsserver": "bin/tsserver"
      },
      "engines": {
        "node": ">=14.17"
      }
    },
    "packages/tsconfig": {
      "version": "0.0.10"
    },
    "playground/sum": {
      "devDependencies": {
        "@delgadotrueba/react-config": "0.0.10",
        "typescript": "5.8.3"
      }
    }
  }
}
